
Microsoft Visual Studio Solution File, Format Version 12.00
# Visual Studio Version 17
VisualStudioVersion = 17.8.34511.84
MinimumVisualStudioVersion = 10.0.40219.1
Project("{FAE04EC0-301F-11D3-BF4B-00C04F79EFBC}") = "MauiAppApiArtists", "MauiAppApiArtists\MauiAppApiArtists.csproj", "{467B5383-22BD-49C8-9E4A-0D7BF0FDA580}"
EndProject
Project("{FAE04EC0-301F-11D3-BF4B-00C04F79EFBC}") = "ConsumeAPI", "ConsumeAPI\ConsumeAPI.csproj", "{F44F3914-7C53-4AFD-B057-9C0C7DED7D92}"
EndProject
Global
	GlobalSection(SolutionConfigurationPlatforms) = preSolution
		Debug|Any CPU = Debug|Any CPU
		Release|Any CPU = Release|Any CPU
	EndGlobalSection
	GlobalSection(ProjectConfigurationPlatforms) = postSolution
		{467B5383-22BD-49C8-9E4A-0D7BF0FDA580}.Debug|Any CPU.ActiveCfg = Debug|Any CPU
		{467B5383-22BD-49C8-9E4A-0D7BF0FDA580}.Debug|Any CPU.Build.0 = Debug|Any CPU
		{467B5383-22BD-49C8-9E4A-0D7BF0FDA580}.Debug|Any CPU.Deploy.0 = Debug|Any CPU
		{467B5383-22BD-49C8-9E4A-0D7BF0FDA580}.Release|Any CPU.ActiveCfg = Release|Any CPU
		{467B5383-22BD-49C8-9E4A-0D7BF0FDA580}.Release|Any CPU.Build.0 = Release|Any CPU
		{467B5383-22BD-49C8-9E4A-0D7BF0FDA580}.Release|Any CPU.Deploy.0 = Release|Any CPU
		{F44F3914-7C53-4AFD-B057-9C0C7DED7D92}.Debug|Any CPU.ActiveCfg = Debug|Any CPU
		{F44F3914-7C53-4AFD-B057-9C0C7DED7D92}.Debug|Any CPU.Build.0 = Debug|Any CPU
		{F44F3914-7C53-4AFD-B057-9C0C7DED7D92}.Release|Any CPU.ActiveCfg = Release|Any CPU
		{F44F3914-7C53-4AFD-B057-9C0C7DED7D92}.Release|Any CPU.Build.0 = Release|Any CPU
	EndGlobalSection
	GlobalSection(SolutionProperties) = preSolution
		HideSolutionNode = FALSE
	EndGlobalSection
	GlobalSection(ExtensibilityGlobals) = postSolution
		SolutionGuid = {44CD0515-7A1D-4B8A-A52E-47925DCB33B5}
	EndGlobalSection
EndGlobal
